
Microsoft Visual Studio Solution File, Format Version 12.00
# Visual Studio 15
VisualStudioVersion = 15.0.27703.2042
MinimumVisualStudioVersion = 10.0.40219.1
Project("{2150E333-8FDC-42A3-9474-1A3956D46DE8}") = ".nuget", ".nuget", "{F70F6DA0-8392-42AF-9C9B-9906D7218055}"
	ProjectSection(SolutionItems) = preProject
		.nuget\NuGet.Config = .nuget\NuGet.Config
		.nuget\NuGet.exe = .nuget\NuGet.exe
		.nuget\NuGet.targets = .nuget\NuGet.targets
	EndProjectSection
EndProject
Project("{9A19103F-16F7-4668-BE54-9A1E7A4F7556}") = "TerminalVelocity.Sharp.dotnetstandard", "src\TerminalVelocity.Sharp\TerminalVelocity.Sharp.dotnetstandard.csproj", "{1CA594CB-61EA-46EE-8684-0F75469556F4}"
EndProject
Project("{9A19103F-16F7-4668-BE54-9A1E7A4F7556}") = "TerminalVelocityTests.dotnetstandard", "tests\TerminalVelocity.Tests\TerminalVelocityTests.dotnetstandard.csproj", "{33BCABC3-EC2E-4240-8E0E-556A00AA5B08}"
EndProject
Global
	GlobalSection(SolutionConfigurationPlatforms) = preSolution
		Debug|Any CPU = Debug|Any CPU
		Release|Any CPU = Release|Any CPU
	EndGlobalSection
	GlobalSection(ProjectConfigurationPlatforms) = postSolution
		{1CA594CB-61EA-46EE-8684-0F75469556F4}.Debug|Any CPU.ActiveCfg = Debug|Any CPU
		{1CA594CB-61EA-46EE-8684-0F75469556F4}.Debug|Any CPU.Build.0 = Debug|Any CPU
		{1CA594CB-61EA-46EE-8684-0F75469556F4}.Release|Any CPU.ActiveCfg = Release|Any CPU
		{1CA594CB-61EA-46EE-8684-0F75469556F4}.Release|Any CPU.Build.0 = Release|Any CPU
		{33BCABC3-EC2E-4240-8E0E-556A00AA5B08}.Debug|Any CPU.ActiveCfg = Debug|Any CPU
		{33BCABC3-EC2E-4240-8E0E-556A00AA5B08}.Debug|Any CPU.Build.0 = Debug|Any CPU
		{33BCABC3-EC2E-4240-8E0E-556A00AA5B08}.Release|Any CPU.ActiveCfg = Release|Any CPU
		{33BCABC3-EC2E-4240-8E0E-556A00AA5B08}.Release|Any CPU.Build.0 = Release|Any CPU
	EndGlobalSection
	GlobalSection(SolutionProperties) = preSolution
		HideSolutionNode = FALSE
	EndGlobalSection
	GlobalSection(ExtensibilityGlobals) = postSolution
		SolutionGuid = {A395A602-B565-4843-B571-839E8D8D3960}
	EndGlobalSection
EndGlobal
